{
  "name": "node-api",
  "requires": true,
  "lockfileVersion": 1,
  "dependencies": {
    "accepts": {
      "version": "1.0.0",
      "resolved": "https://registry.npmjs.org/accepts/-/accepts-1.0.0.tgz",
      "integrity": "sha1-NgTHZVhsO5z3h3tpN829RYf5R9w=",
      "requires": {
        "mime": "~1.2.11",
        "negotiator": "~0.3.0"
      }
    },
    "async": {
      "version": "2.6.1",
      "resolved": "https://registry.npmjs.org/async/-/async-2.6.1.tgz",
      "integrity": "sha512-fNEiL2+AZt6AlAw/29Cr0UDe4sRAHCpEHh54WMz+Bb7QfNcFw4h3loofyJpLeQs4Yx7yuqu/2dLgM5hKOs6HlQ==",
      "requires": {
        "lodash": "^4.17.10"
      }
    },
    "bluebird": {
      "version": "3.5.1",
      "resolved": "https://registry.npmjs.org/bluebird/-/bluebird-3.5.1.tgz",
      "integrity": "sha512-MKiLiV+I1AA596t9w1sQJ8jkiSr5+ZKi0WKrYGUn6d1Fx+Ij4tIj+m2WMQSGczs5jZVxV339chE8iwk6F64wjA=="
    },
    "body-parser": {
      "version": "1.0.2",
      "resolved": "http://registry.npmjs.org/body-parser/-/body-parser-1.0.2.tgz",
      "integrity": "sha1-NGFHmjJ4/gD8rr7DMUu1T8T3tHw=",
      "requires": {
        "qs": "~0.6.6",
        "raw-body": "~1.1.2",
        "type-is": "~1.1.0"
      }
    },
    "bson": {
      "version": "1.1.0",
      "resolved": "https://registry.npmjs.org/bson/-/bson-1.1.0.tgz",
      "integrity": "sha512-9Aeai9TacfNtWXOYarkFJRW2CWo+dRon+fuLZYJmvLV3+MiUp0bEI6IAZfXEIg7/Pl/7IWlLaDnhzTsD81etQA=="
    },
    "buffer-crc32": {
      "version": "0.2.1",
      "resolved": "https://registry.npmjs.org/buffer-crc32/-/buffer-crc32-0.2.1.tgz",
      "integrity": "sha1-vj5TgvwCttYySVasGvmKqYsIU0w="
    },
    "bytes": {
      "version": "1.0.0",
      "resolved": "https://registry.npmjs.org/bytes/-/bytes-1.0.0.tgz",
      "integrity": "sha1-NWnt6Lo0MV+rmcPpLLBMciDeH6g="
    },
    "cookie": {
      "version": "0.1.0",
      "resolved": "https://registry.npmjs.org/cookie/-/cookie-0.1.0.tgz",
      "integrity": "sha1-kOtGndzpBchm3mh+/EMTHYgB+dA="
    },
    "cookie-signature": {
      "version": "1.0.3",
      "resolved": "https://registry.npmjs.org/cookie-signature/-/cookie-signature-1.0.3.tgz",
      "integrity": "sha1-kc2ZfMUftkFZVzjGnNoCAyj1D/k="
    },
    "debug": {
      "version": "0.8.1",
      "resolved": "http://registry.npmjs.org/debug/-/debug-0.8.1.tgz",
      "integrity": "sha1-IP9NJvXkIstoobrLu2EDmtjBwTA="
    },
    "escape-html": {
      "version": "1.0.1",
      "resolved": "https://registry.npmjs.org/escape-html/-/escape-html-1.0.1.tgz",
      "integrity": "sha1-GBoobq05ejmpKFfPsdQwUuNWv/A="
    },
    "express": {
      "version": "4.0.0",
      "resolved": "http://registry.npmjs.org/express/-/express-4.0.0.tgz",
      "integrity": "sha1-J03IKTPJ9XTMOKDOXqgXK+nGsJQ=",
      "requires": {
        "accepts": "1.0.0",
        "buffer-crc32": "0.2.1",
        "cookie": "0.1.0",
        "cookie-signature": "1.0.3",
        "debug": ">= 0.7.3 < 1",
        "escape-html": "1.0.1",
        "fresh": "0.2.2",
        "merge-descriptors": "0.0.2",
        "methods": "0.1.0",
        "parseurl": "1.0.1",
        "path-to-regexp": "0.1.2",
        "qs": "0.6.6",
        "range-parser": "1.0.0",
        "send": "0.2.0",
        "serve-static": "1.0.1",
        "type-is": "1.0.0",
        "utils-merge": "1.0.0"
      },
      "dependencies": {
        "type-is": {
          "version": "1.0.0",
          "resolved": "https://registry.npmjs.org/type-is/-/type-is-1.0.0.tgz",
          "integrity": "sha1-T/Qk6XNJoe4ZELS/xIhZXs3EQ/w=",
          "requires": {
            "mime": "~1.2.11"
          }
        }
      }
    },
    "fresh": {
      "version": "0.2.2",
      "resolved": "https://registry.npmjs.org/fresh/-/fresh-0.2.2.tgz",
      "integrity": "sha1-lzHc9WeMf660T7kDxPct9VGH+nc="
    },
    "kareem": {
      "version": "2.3.0",
      "resolved": "https://registry.npmjs.org/kareem/-/kareem-2.3.0.tgz",
      "integrity": "sha512-6hHxsp9e6zQU8nXsP+02HGWXwTkOEw6IROhF2ZA28cYbUk4eJ6QbtZvdqZOdD9YPKghG3apk5eOCvs+tLl3lRg=="
    },
    "lodash": {
      "version": "4.17.11",
      "resolved": "https://registry.npmjs.org/lodash/-/lodash-4.17.11.tgz",
      "integrity": "sha512-cQKh8igo5QUhZ7lg38DYWAxMvjSAKG0A8wGSVimP07SIUEK2UO+arSRKbRZWtelMtN5V0Hkwh5ryOto/SshYIg=="
    },
    "lodash.get": {
      "version": "4.4.2",
      "resolved": "https://registry.npmjs.org/lodash.get/-/lodash.get-4.4.2.tgz",
      "integrity": "sha1-LRd/ZS+jHpObRDjVNBSZ36OCXpk="
    },
    "memory-pager": {
      "version": "1.1.0",
      "resolved": "https://registry.npmjs.org/memory-pager/-/memory-pager-1.1.0.tgz",
      "integrity": "sha512-Mf9OHV/Y7h6YWDxTzX/b4ZZ4oh9NSXblQL8dtPCOomOtZciEHxePR78+uHFLLlsk01A6jVHhHsQZZ/WcIPpnzg==",
      "optional": true
    },
    "merge-descriptors": {
      "version": "0.0.2",
      "resolved": "https://registry.npmjs.org/merge-descriptors/-/merge-descriptors-0.0.2.tgz",
      "integrity": "sha1-w2pSp4FDdRPFcnXzndnTF1FKyMc="
    },
    "methods": {
      "version": "0.1.0",
      "resolved": "https://registry.npmjs.org/methods/-/methods-0.1.0.tgz",
      "integrity": "sha1-M11Cnu/SG3us8unJIqjSvRSjDk8="
    },
    "mime": {
      "version": "1.2.11",
      "resolved": "http://registry.npmjs.org/mime/-/mime-1.2.11.tgz",
      "integrity": "sha1-WCA+7Ybjpe8XrtK32evUfwpg3RA="
    },
    "mongodb": {
      "version": "3.1.10",
      "resolved": "https://registry.npmjs.org/mongodb/-/mongodb-3.1.10.tgz",
      "integrity": "sha512-Uml42GeFxhTGQVml1XQ4cD0o/rp7J2ROy0fdYUcVitoE7vFqEhKH4TYVqRDpQr/bXtCJVxJdNQC1ntRxNREkPQ==",
      "requires": {
        "mongodb-core": "3.1.9",
        "safe-buffer": "^5.1.2"
      }
    },
    "mongodb-core": {
      "version": "3.1.9",
      "resolved": "https://registry.npmjs.org/mongodb-core/-/mongodb-core-3.1.9.tgz",
      "integrity": "sha512-MJpciDABXMchrZphh3vMcqu8hkNf/Mi+Gk6btOimVg1XMxLXh87j6FAvRm+KmwD1A9fpu3qRQYcbQe4egj23og==",
      "requires": {
        "bson": "^1.1.0",
        "require_optional": "^1.0.1",
        "safe-buffer": "^5.1.2",
        "saslprep": "^1.0.0"
      }
    },
    "mongoose": {
      "version": "5.3.14",
      "resolved": "https://registry.npmjs.org/mongoose/-/mongoose-5.3.14.tgz",
      "integrity": "sha512-Vt7uC0+/SuPb+x6IwbtXl4tkUER1xU9INlfrDK1RdfsvvEMfG3FJUGNPVGeTWQaj8xqMBtZKIdUNt58rIAsCYg==",
      "requires": {
        "async": "2.6.1",
        "bson": "~1.1.0",
        "kareem": "2.3.0",
        "lodash.get": "4.4.2",
        "mongodb": "3.1.10",
        "mongodb-core": "3.1.9",
        "mongoose-legacy-pluralize": "1.0.2",
        "mpath": "0.5.1",
        "mquery": "3.2.0",
        "ms": "2.0.0",
        "regexp-clone": "0.0.1",
        "safe-buffer": "5.1.2",
        "sliced": "1.0.1"
      }
    },
    "mongoose-legacy-pluralize": {
      "version": "1.0.2",
      "resolved": "https://registry.npmjs.org/mongoose-legacy-pluralize/-/mongoose-legacy-pluralize-1.0.2.tgz",
      "integrity": "sha512-Yo/7qQU4/EyIS8YDFSeenIvXxZN+ld7YdV9LqFVQJzTLye8unujAWPZ4NWKfFA+RNjh+wvTWKY9Z3E5XM6ZZiQ=="
    },
    "mpath": {
      "version": "0.5.1",
      "resolved": "https://registry.npmjs.org/mpath/-/mpath-0.5.1.tgz",
      "integrity": "sha512-H8OVQ+QEz82sch4wbODFOz+3YQ61FYz/z3eJ5pIdbMEaUzDqA268Wd+Vt4Paw9TJfvDgVKaayC0gBzMIw2jhsg=="
    },
    "mquery": {
      "version": "3.2.0",
      "resolved": "https://registry.npmjs.org/mquery/-/mquery-3.2.0.tgz",
      "integrity": "sha512-qPJcdK/yqcbQiKoemAt62Y0BAc0fTEKo1IThodBD+O5meQRJT/2HSe5QpBNwaa4CjskoGrYWsEyjkqgiE0qjhg==",
      "requires": {
        "bluebird": "3.5.1",
        "debug": "3.1.0",
        "regexp-clone": "0.0.1",
        "safe-buffer": "5.1.2",
        "sliced": "1.0.1"
      },
      "dependencies": {
        "debug": {
          "version": "3.1.0",
          "resolved": "https://registry.npmjs.org/debug/-/debug-3.1.0.tgz",
          "integrity": "sha512-OX8XqP7/1a9cqkxYw2yXss15f26NKWBpDXQd0/uK/KPqdQhxbPa994hnzjcE2VqQpDslf55723cKPUOGSmMY3g==",
          "requires": {
            "ms": "2.0.0"
          }
        }
      }
    },
    "ms": {
      "version": "2.0.0",
      "resolved": "https://registry.npmjs.org/ms/-/ms-2.0.0.tgz",
      "integrity": "sha1-VgiurfwAvmwpAd9fmGF4jeDVl8g="
    },
    "negotiator": {
      "version": "0.3.0",
      "resolved": "https://registry.npmjs.org/negotiator/-/negotiator-0.3.0.tgz",
      "integrity": "sha1-cG1pLv7d9XTVfqn7GriaT6fuj2A="
    },
    "parseurl": {
      "version": "1.0.1",
      "resolved": "https://registry.npmjs.org/parseurl/-/parseurl-1.0.1.tgz",
      "integrity": "sha1-Llfc5u/dN8NRhwEDCUTCK/OIt7Q="
    },
    "path-to-regexp": {
      "version": "0.1.2",
      "resolved": "https://registry.npmjs.org/path-to-regexp/-/path-to-regexp-0.1.2.tgz",
      "integrity": "sha1-mysVH5zDAYye6lDKlXKeBXgXErQ="
    },
    "qs": {
      "version": "0.6.6",
      "resolved": "http://registry.npmjs.org/qs/-/qs-0.6.6.tgz",
      "integrity": "sha1-bgFQmP9RlouKPIGQAdXyyJvEsQc="
    },
    "range-parser": {
      "version": "1.0.0",
      "resolved": "https://registry.npmjs.org/range-parser/-/range-parser-1.0.0.tgz",
      "integrity": "sha1-pLJkz+C+XONqvjdlrJwqJIdG28A="
    },
    "raw-body": {
      "version": "1.1.7",
      "resolved": "https://registry.npmjs.org/raw-body/-/raw-body-1.1.7.tgz",
      "integrity": "sha1-HQJ8K/oRasxmI7yo8AAWVyqH1CU=",
      "requires": {
        "bytes": "1",
        "string_decoder": "0.10"
      }
    },
    "regexp-clone": {
      "version": "0.0.1",
      "resolved": "https://registry.npmjs.org/regexp-clone/-/regexp-clone-0.0.1.tgz",
      "integrity": "sha1-p8LgmJH9vzj7sQ03b7cwA+aKxYk="
    },
    "require_optional": {
      "version": "1.0.1",
      "resolved": "https://registry.npmjs.org/require_optional/-/require_optional-1.0.1.tgz",
      "integrity": "sha512-qhM/y57enGWHAe3v/NcwML6a3/vfESLe/sGM2dII+gEO0BpKRUkWZow/tyloNqJyN6kXSl3RyyM8Ll5D/sJP8g==",
      "requires": {
        "resolve-from": "^2.0.0",
        "semver": "^5.1.0"
      }
    },
    "resolve-from": {
      "version": "2.0.0",
      "resolved": "https://registry.npmjs.org/resolve-from/-/resolve-from-2.0.0.tgz",
      "integrity": "sha1-lICrIOlP+h2egKgEx+oUdhGWa1c="
    },
    "safe-buffer": {
      "version": "5.1.2",
      "resolved": "https://registry.npmjs.org/safe-buffer/-/safe-buffer-5.1.2.tgz",
      "integrity": "sha512-Gd2UZBJDkXlY7GbJxfsE8/nvKkUEU1G38c1siN6QP6a9PT9MmHB8GnpscSmMJSoF8LOIrt8ud/wPtojys4G6+g=="
    },
    "saslprep": {
      "version": "1.0.2",
      "resolved": "https://registry.npmjs.org/saslprep/-/saslprep-1.0.2.tgz",
      "integrity": "sha512-4cDsYuAjXssUSjxHKRe4DTZC0agDwsCqcMqtJAQPzC74nJ7LfAJflAtC1Zed5hMzEQKj82d3tuzqdGNRsLJ4Gw==",
      "optional": true,
      "requires": {
        "sparse-bitfield": "^3.0.3"
      }
    },
    "semver": {
      "version": "5.6.0",
      "resolved": "https://registry.npmjs.org/semver/-/semver-5.6.0.tgz",
      "integrity": "sha512-RS9R6R35NYgQn++fkDWaOmqGoj4Ek9gGs+DPxNUZKuwE183xjJroKvyo1IzVFeXvUrvmALy6FWD5xrdJT25gMg=="
    },
    "send": {
      "version": "0.2.0",
      "resolved": "https://registry.npmjs.org/send/-/send-0.2.0.tgz",
      "integrity": "sha1-Bnq/Rc/4v/spy9t0OXJbMjiKLFg=",
      "requires": {
        "debug": "*",
        "fresh": "~0.2.1",
        "mime": "~1.2.9",
        "range-parser": "~1.0.0"
      }
    },
    "serve-static": {
      "version": "1.0.1",
      "resolved": "https://registry.npmjs.org/serve-static/-/serve-static-1.0.1.tgz",
      "integrity": "sha1-ENy/1Es+ApGhMfyatKslqfWnikI=",
      "requires": {
        "send": "0.1.4"
      },
      "dependencies": {
        "fresh": {
          "version": "0.2.0",
          "resolved": "https://registry.npmjs.org/fresh/-/fresh-0.2.0.tgz",
          "integrity": "sha1-v9lALPPfEsSkwxDHn5mj3eE9NKc="
        },
        "range-parser": {
          "version": "0.0.4",
          "resolved": "https://registry.npmjs.org/range-parser/-/range-parser-0.0.4.tgz",
          "integrity": "sha1-wEJ//vUcEKy6B4KkbJYC50T/Ygs="
        },
        "send": {
          "version": "0.1.4",
          "resolved": "https://registry.npmjs.org/send/-/send-0.1.4.tgz",
          "integrity": "sha1-vnDY0b4B3mGCGvE3gLUDRaT3Gr0=",
          "requires": {
            "debug": "*",
            "fresh": "0.2.0",
            "mime": "~1.2.9",
            "range-parser": "0.0.4"
          }
        }
      }
    },
    "sliced": {
      "version": "1.0.1",
      "resolved": "https://registry.npmjs.org/sliced/-/sliced-1.0.1.tgz",
      "integrity": "sha1-CzpmK10Ewxd7GSa+qCsD+Dei70E="
    },
    "sparse-bitfield": {
      "version": "3.0.3",
      "resolved": "https://registry.npmjs.org/sparse-bitfield/-/sparse-bitfield-3.0.3.tgz",
      "integrity": "sha1-/0rm5oZWBWuks+eSqzM004JzyhE=",
      "optional": true,
      "requires": {
        "memory-pager": "^1.0.2"
      }
    },
    "string_decoder": {
      "version": "0.10.31",
      "resolved": "http://registry.npmjs.org/string_decoder/-/string_decoder-0.10.31.tgz",
      "integrity": "sha1-YuIDvEF2bGwoyfyEMB2rHFMQ+pQ="
    },
    "type-is": {
      "version": "1.1.0",
      "resolved": "https://registry.npmjs.org/type-is/-/type-is-1.1.0.tgz",
      "integrity": "sha1-0CReyLJnZmjVndDPMlUGBnalfbY=",
      "requires": {
        "mime": "~1.2.11"
      }
    },
    "utils-merge": {
      "version": "1.0.0",
      "resolved": "https://registry.npmjs.org/utils-merge/-/utils-merge-1.0.0.tgz",
      "integrity": "sha1-ApT7kiu5N1FTVBxPcJYjHyh8ivg="
    }
  }
}
